
Microsoft Visual Studio Solution File, Format Version 12.00
# Visual Studio Version 17
VisualStudioVersion = 17.11.35312.102
MinimumVisualStudioVersion = 10.0.40219.1
Project("{9A19103F-16F7-4668-BE54-9A1E7A4F7556}") = "AM.UI.Console", "AM.UI.Console\AM.UI.Console.csproj", "{5F951099-F342-4CD1-8765-361FFE51083F}"
EndProject
Project("{9A19103F-16F7-4668-BE54-9A1E7A4F7556}") = "AM.ApllicationCore", "AM.ApllicationCore\AM.ApllicationCore.csproj", "{E0A03906-9ED2-4023-BE35-FA085F5F6F93}"
EndProject
Project("{FAE04EC0-301F-11D3-BF4B-00C04F79EFBC}") = "AM.Infrastructure", "AM.Infrastructure\AM.Infrastructure.csproj", "{584623D4-4770-4B40-9DBA-35B629F644A4}"
EndProject
Global
	GlobalSection(SolutionConfigurationPlatforms) = preSolution
		Debug|Any CPU = Debug|Any CPU
		Release|Any CPU = Release|Any CPU
	EndGlobalSection
	GlobalSection(ProjectConfigurationPlatforms) = postSolution
		{5F951099-F342-4CD1-8765-361FFE51083F}.Debug|Any CPU.ActiveCfg = Debug|Any CPU
		{5F951099-F342-4CD1-8765-361FFE51083F}.Debug|Any CPU.Build.0 = Debug|Any CPU
		{5F951099-F342-4CD1-8765-361FFE51083F}.Release|Any CPU.ActiveCfg = Release|Any CPU
		{5F951099-F342-4CD1-8765-361FFE51083F}.Release|Any CPU.Build.0 = Release|Any CPU
		{E0A03906-9ED2-4023-BE35-FA085F5F6F93}.Debug|Any CPU.ActiveCfg = Debug|Any CPU
		{E0A03906-9ED2-4023-BE35-FA085F5F6F93}.Debug|Any CPU.Build.0 = Debug|Any CPU
		{E0A03906-9ED2-4023-BE35-FA085F5F6F93}.Release|Any CPU.ActiveCfg = Release|Any CPU
		{E0A03906-9ED2-4023-BE35-FA085F5F6F93}.Release|Any CPU.Build.0 = Release|Any CPU
		{584623D4-4770-4B40-9DBA-35B629F644A4}.Debug|Any CPU.ActiveCfg = Debug|Any CPU
		{584623D4-4770-4B40-9DBA-35B629F644A4}.Debug|Any CPU.Build.0 = Debug|Any CPU
		{584623D4-4770-4B40-9DBA-35B629F644A4}.Release|Any CPU.ActiveCfg = Release|Any CPU
		{584623D4-4770-4B40-9DBA-35B629F644A4}.Release|Any CPU.Build.0 = Release|Any CPU
	EndGlobalSection
	GlobalSection(SolutionProperties) = preSolution
		HideSolutionNode = FALSE
	EndGlobalSection
	GlobalSection(ExtensibilityGlobals) = postSolution
		SolutionGuid = {8A85A680-EB49-4211-9959-CB523E3F793C}
	EndGlobalSection
EndGlobal
